
Microsoft Visual Studio Solution File, Format Version 12.00
# Visual Studio 15
VisualStudioVersion = 15.0.28010.2050
MinimumVisualStudioVersion = 10.0.40219.1
Project("{FAE04EC0-301F-11D3-BF4B-00C04F79EFBC}") = "ConnetCocket", "ConnetCocket\ConnetCocket.csproj", "{FFB9CF1C-672B-47FA-B0B8-4F0108BBFCF4}"
EndProject
Global
	GlobalSection(SolutionConfigurationPlatforms) = preSolution
		Debug|Any CPU = Debug|Any CPU
		Release|Any CPU = Release|Any CPU
	EndGlobalSection
	GlobalSection(ProjectConfigurationPlatforms) = postSolution
		{FFB9CF1C-672B-47FA-B0B8-4F0108BBFCF4}.Debug|Any CPU.ActiveCfg = Debug|Any CPU
		{FFB9CF1C-672B-47FA-B0B8-4F0108BBFCF4}.Debug|Any CPU.Build.0 = Debug|Any CPU
		{FFB9CF1C-672B-47FA-B0B8-4F0108BBFCF4}.Release|Any CPU.ActiveCfg = Release|Any CPU
		{FFB9CF1C-672B-47FA-B0B8-4F0108BBFCF4}.Release|Any CPU.Build.0 = Release|Any CPU
	EndGlobalSection
	GlobalSection(SolutionProperties) = preSolution
		HideSolutionNode = FALSE
	EndGlobalSection
	GlobalSection(ExtensibilityGlobals) = postSolution
		SolutionGuid = {DB99A74C-54C8-411A-8C53-512E3D063E0A}
	EndGlobalSection
EndGlobal
